schema: '2.0'
stages:
  data_ingestion:
    cmd: python -m src.data.data_ingestion
    deps:
    - path: src/data/data_ingestion.py
      hash: md5
      md5: 6d4325732c3b8cfc8dc44bb0c736559c
      size: 3701
    params:
      params.yaml:
        data_ingestion.test_size: 0.25
    outs:
    - path: data/raw
      hash: md5
      md5: 2f83311a9194cefdb83d03f340cce5c2.dir
      size: 1321255
      nfiles: 2
  data_preprocessing:
    cmd: python -m src.data.data_preprocessing
    deps:
    - path: data/raw
      hash: md5
      md5: 2f83311a9194cefdb83d03f340cce5c2.dir
      size: 1321255
      nfiles: 2
    - path: src/data/data_preprocessing.py
      hash: md5
      md5: a0d0986f1695b3e851d0f37dad4451b8
      size: 2909
    outs:
    - path: data/interim
      hash: md5
      md5: 7177617e1dde61d810a8a57ff272b679.dir
      size: 816460
      nfiles: 2
  feature_engineering:
    cmd: python -m src.features.feature_engineering
    deps:
    - path: data/interim
      hash: md5
      md5: 7177617e1dde61d810a8a57ff272b679.dir
      size: 816460
      nfiles: 2
    - path: src/features/feature_engineering.py
      hash: md5
      md5: cfaf71fa8bd1fae8af5abc3cbbe3387b
      size: 3447
    params:
      params.yaml:
        feature_engineering.max_features: 50
    outs:
    - path: data/processed
      hash: md5
      md5: 13cc5bae03440954ebfe61f5a6c3e790.dir
      size: 103500
      nfiles: 2
    - path: models/vectorizer.pkl
      hash: md5
      md5: 91aa4a70c32e39e9023fc131d96634aa
      size: 1659
  model_building:
    cmd: python -m src.model.model_building
    deps:
    - path: data/processed
      hash: md5
      md5: 13cc5bae03440954ebfe61f5a6c3e790.dir
      size: 103500
      nfiles: 2
    - path: src/model/model_building.py
      hash: md5
      md5: c366b3931201d86dcd1983e79b2ab06d
      size: 4276
    outs:
    - path: models/model.pkl
      hash: md5
      md5: 5fd4ab202be3f34f0133d39459a5d596
      size: 1114
    - path: reports/experiment_info.json
      hash: md5
      md5: a796d236e4f9ad3e17d6d1748e88173b
      size: 82
  model_registration:
    cmd: python -m src.model.register_model
    deps:
    - path: reports/experiment_info.json
      hash: md5
      md5: a796d236e4f9ad3e17d6d1748e88173b
      size: 82
    - path: src/model/register_model.py
      hash: md5
      md5: 1513aa744a1985b91e7e138096049416
      size: 2898
  model_evaluation:
    cmd: python -m src.model.model_evaluation
    deps:
    - path: data/processed
      hash: md5
      md5: 13cc5bae03440954ebfe61f5a6c3e790.dir
      size: 103500
      nfiles: 2
    - path: models/model.pkl
      hash: md5
      md5: 5fd4ab202be3f34f0133d39459a5d596
      size: 1114
    - path: src/model/model_evaluation.py
      hash: md5
      md5: 2ca1d4e1fca0a136681f473a1da0694d
      size: 5561
    outs:
    - path: reports/metrics.json
      hash: md5
      md5: 60f36e8baf0d40f904f50ae5a6a5fba1
      size: 119
